// !$*UTF8*$!
{
	archiveVersion = 1;
	classes = {
	};
	objectVersion = 50;
	objects = {

/* Begin PBXBuildFile section */
		963D1CFB26555E1E00301A4C /* ImageDataModel.swift in Sources */ = {isa = PBXBuildFile; fileRef = 963D1CFA26555E1E00301A4C /* ImageDataModel.swift */; };
		963D1CFD26556F9300301A4C /* ImageCollectionViewCell.swift in Sources */ = {isa = PBXBuildFile; fileRef = 963D1CFC26556F9300301A4C /* ImageCollectionViewCell.swift */; };
		96B1D4D32653A5E60027C7D7 /* AppDelegate.swift in Sources */ = {isa = PBXBuildFile; fileRef = 96B1D4D22653A5E60027C7D7 /* AppDelegate.swift */; };
		96B1D4D52653A5E60027C7D7 /* SceneDelegate.swift in Sources */ = {isa = PBXBuildFile; fileRef = 96B1D4D42653A5E60027C7D7 /* SceneDelegate.swift */; };
		96B1D4D72653A5E60027C7D7 /* ImageCollectionViewController.swift in Sources */ = {isa = PBXBuildFile; fileRef = 96B1D4D62653A5E60027C7D7 /* ImageCollectionViewController.swift */; };
		96B1D4DA2653A5E60027C7D7 /* Main.storyboard in Resources */ = {isa = PBXBuildFile; fileRef = 96B1D4D82653A5E60027C7D7 /* Main.storyboard */; };
		96B1D4DC2653A5E70027C7D7 /* Assets.xcassets in Resources */ = {isa = PBXBuildFile; fileRef = 96B1D4DB2653A5E70027C7D7 /* Assets.xcassets */; };
		96B1D4DF2653A5E70027C7D7 /* LaunchScreen.storyboard in Resources */ = {isa = PBXBuildFile; fileRef = 96B1D4DD2653A5E70027C7D7 /* LaunchScreen.storyboard */; };
		96B1D50A265426BF0027C7D7 /* DogImage.swift in Sources */ = {isa = PBXBuildFile; fileRef = 96B1D509265426BF0027C7D7 /* DogImage.swift */; };
		96B1D50C26542AD60027C7D7 /* dog_urls.json in Resources */ = {isa = PBXBuildFile; fileRef = 96B1D50B26542AD50027C7D7 /* dog_urls.json */; };
		96B1D50E265433D80027C7D7 /* JSONParser.swift in Sources */ = {isa = PBXBuildFile; fileRef = 96B1D50D265433D80027C7D7 /* JSONParser.swift */; };
/* End PBXBuildFile section */

/* Begin PBXContainerItemProxy section */
		96B1D4E62653A5E70027C7D7 /* PBXContainerItemProxy */ = {
			isa = PBXContainerItemProxy;
			containerPortal = 96B1D4C72653A5E60027C7D7 /* Project object */;
			proxyType = 1;
			remoteGlobalIDString = 96B1D4CE2653A5E60027C7D7;
			remoteInfo = doggallery;
		};
		96B1D4F12653A5E70027C7D7 /* PBXContainerItemProxy */ = {
			isa = PBXContainerItemProxy;
			containerPortal = 96B1D4C72653A5E60027C7D7 /* Project object */;
			proxyType = 1;
			remoteGlobalIDString = 96B1D4CE2653A5E60027C7D7;
			remoteInfo = doggallery;
		};
/* End PBXContainerItemProxy section */

/* Begin PBXFileReference section */
		963D1CFA26555E1E00301A4C /* ImageDataModel.swift */ = {isa = PBXFileReference; lastKnownFileType = sourcecode.swift; path = ImageDataModel.swift; sourceTree = "<group>"; };
		963D1CFC26556F9300301A4C /* ImageCollectionViewCell.swift */ = {isa = PBXFileReference; lastKnownFileType = sourcecode.swift; path = ImageCollectionViewCell.swift; sourceTree = "<group>"; };
		96B1D4CF2653A5E60027C7D7 /* doggallery.app */ = {isa = PBXFileReference; explicitFileType = wrapper.application; includeInIndex = 0; path = doggallery.app; sourceTree = BUILT_PRODUCTS_DIR; };
		96B1D4D22653A5E60027C7D7 /* AppDelegate.swift */ = {isa = PBXFileReference; lastKnownFileType = sourcecode.swift; path = AppDelegate.swift; sourceTree = "<group>"; };
		96B1D4D42653A5E60027C7D7 /* SceneDelegate.swift */ = {isa = PBXFileReference; lastKnownFileType = sourcecode.swift; path = SceneDelegate.swift; sourceTree = "<group>"; };
		96B1D4D62653A5E60027C7D7 /* ImageCollectionViewController.swift */ = {isa = PBXFileReference; lastKnownFileType = sourcecode.swift; path = ImageCollectionViewController.swift; sourceTree = "<group>"; };
		96B1D4D92653A5E60027C7D7 /* Base */ = {isa = PBXFileReference; lastKnownFileType = file.storyboard; name = Base; path = Base.lproj/Main.storyboard; sourceTree = "<group>"; };
		96B1D4DB2653A5E70027C7D7 /* Assets.xcassets */ = {isa = PBXFileReference; lastKnownFileType = folder.assetcatalog; path = Assets.xcassets; sourceTree = "<group>"; };
		96B1D4DE2653A5E70027C7D7 /* Base */ = {isa = PBXFileReference; lastKnownFileType = file.storyboard; name = Base; path = Base.lproj/LaunchScreen.storyboard; sourceTree = "<group>"; };
		96B1D4E02653A5E70027C7D7 /* Info.plist */ = {isa = PBXFileReference; lastKnownFileType = text.plist.xml; path = Info.plist; sourceTree = "<group>"; };
		96B1D4E52653A5E70027C7D7 /* doggalleryTests.xctest */ = {isa = PBXFileReference; explicitFileType = wrapper.cfbundle; includeInIndex = 0; path = doggalleryTests.xctest; sourceTree = BUILT_PRODUCTS_DIR; };
		96B1D4F02653A5E70027C7D7 /* doggalleryUITests.xctest */ = {isa = PBXFileReference; explicitFileType = wrapper.cfbundle; includeInIndex = 0; path = doggalleryUITests.xctest; sourceTree = BUILT_PRODUCTS_DIR; };
		96B1D509265426BF0027C7D7 /* DogImage.swift */ = {isa = PBXFileReference; lastKnownFileType = sourcecode.swift; path = DogImage.swift; sourceTree = "<group>"; };
		96B1D50B26542AD50027C7D7 /* dog_urls.json */ = {isa = PBXFileReference; fileEncoding = 4; lastKnownFileType = text.json; path = dog_urls.json; sourceTree = "<group>"; };
		96B1D50D265433D80027C7D7 /* JSONParser.swift */ = {isa = PBXFileReference; lastKnownFileType = sourcecode.swift; path = JSONParser.swift; sourceTree = "<group>"; };
/* End PBXFileReference section */

/* Begin PBXFrameworksBuildPhase section */
		96B1D4CC2653A5E60027C7D7 /* Frameworks */ = {
			isa = PBXFrameworksBuildPhase;
			buildActionMask = 2147483647;
			files = (
			);
			runOnlyForDeploymentPostprocessing = 0;
		};
		96B1D4E22653A5E70027C7D7 /* Frameworks */ = {
			isa = PBXFrameworksBuildPhase;
			buildActionMask = 2147483647;
			files = (
			);
			runOnlyForDeploymentPostprocessing = 0;
		};
		96B1D4ED2653A5E70027C7D7 /* Frameworks */ = {
			isa = PBXFrameworksBuildPhase;
			buildActionMask = 2147483647;
			files = (
			);
			runOnlyForDeploymentPostprocessing = 0;
		};
/* End PBXFrameworksBuildPhase section */

/* Begin PBXGroup section */
		963D1CFE2655853D00301A4C /* Views */ = {
			isa = PBXGroup;
			children = (
				963D1CFC26556F9300301A4C /* ImageCollectionViewCell.swift */,
			);
			path = Views;
			sourceTree = "<group>";
		};
		96B1D4C62653A5E60027C7D7 = {
			isa = PBXGroup;
			children = (
				96B1D4D12653A5E60027C7D7 /* doggallery */,
				96B1D4D02653A5E60027C7D7 /* Products */,
			);
			sourceTree = "<group>";
		};
		96B1D4D02653A5E60027C7D7 /* Products */ = {
			isa = PBXGroup;
			children = (
				96B1D4CF2653A5E60027C7D7 /* doggallery.app */,
				96B1D4E52653A5E70027C7D7 /* doggalleryTests.xctest */,
				96B1D4F02653A5E70027C7D7 /* doggalleryUITests.xctest */,
			);
			name = Products;
			sourceTree = "<group>";
		};
		96B1D4D12653A5E60027C7D7 /* doggallery */ = {
			isa = PBXGroup;
			children = (
				96B1D51126545EE00027C7D7 /* Data */,
				96B1D51026545E9D0027C7D7 /* DataEntities */,
				96B1D5042653AEFE0027C7D7 /* DataModels */,
				96B1D5032653AEF20027C7D7 /* ViewControllers */,
				96B1D5022653AE740027C7D7 /* AppDelegate */,
				96B1D4D82653A5E60027C7D7 /* Main.storyboard */,
				96B1D4DB2653A5E70027C7D7 /* Assets.xcassets */,
				96B1D4DD2653A5E70027C7D7 /* LaunchScreen.storyboard */,
				96B1D4E02653A5E70027C7D7 /* Info.plist */,
			);
			path = doggallery;
			sourceTree = "<group>";
		};
		96B1D5022653AE740027C7D7 /* AppDelegate */ = {
			isa = PBXGroup;
			children = (
				96B1D4D22653A5E60027C7D7 /* AppDelegate.swift */,
				96B1D4D42653A5E60027C7D7 /* SceneDelegate.swift */,
			);
			path = AppDelegate;
			sourceTree = "<group>";
		};
		96B1D5032653AEF20027C7D7 /* ViewControllers */ = {
			isa = PBXGroup;
			children = (
				963D1CFE2655853D00301A4C /* Views */,
				96B1D4D62653A5E60027C7D7 /* ImageCollectionViewController.swift */,
			);
			path = ViewControllers;
			sourceTree = "<group>";
		};
		96B1D5042653AEFE0027C7D7 /* DataModels */ = {
			isa = PBXGroup;
			children = (
				96B1D50F265452CC0027C7D7 /* Tools */,
				963D1CFA26555E1E00301A4C /* ImageDataModel.swift */,
			);
			path = DataModels;
			sourceTree = "<group>";
		};
		96B1D50F265452CC0027C7D7 /* Tools */ = {
			isa = PBXGroup;
			children = (
				96B1D50D265433D80027C7D7 /* JSONParser.swift */,
			);
			path = Tools;
			sourceTree = "<group>";
		};
		96B1D51026545E9D0027C7D7 /* DataEntities */ = {
			isa = PBXGroup;
			children = (
				96B1D509265426BF0027C7D7 /* DogImage.swift */,
			);
			path = DataEntities;
			sourceTree = "<group>";
		};
		96B1D51126545EE00027C7D7 /* Data */ = {
			isa = PBXGroup;
			children = (
				96B1D50B26542AD50027C7D7 /* dog_urls.json */,
			);
			path = Data;
			sourceTree = "<group>";
		};
/* End PBXGroup section */

/* Begin PBXNativeTarget section */
		96B1D4CE2653A5E60027C7D7 /* doggallery */ = {
			isa = PBXNativeTarget;
			buildConfigurationList = 96B1D4F92653A5E70027C7D7 /* Build configuration list for PBXNativeTarget "doggallery" */;
			buildPhases = (
				96B1D4CB2653A5E60027C7D7 /* Sources */,
				96B1D4CC2653A5E60027C7D7 /* Frameworks */,
				96B1D4CD2653A5E60027C7D7 /* Resources */,
			);
			buildRules = (
			);
			dependencies = (
			);
			name = doggallery;
			productName = doggallery;
			productReference = 96B1D4CF2653A5E60027C7D7 /* doggallery.app */;
			productType = "com.apple.product-type.application";
		};
		96B1D4E42653A5E70027C7D7 /* doggalleryTests */ = {
			isa = PBXNativeTarget;
			buildConfigurationList = 96B1D4FC2653A5E70027C7D7 /* Build configuration list for PBXNativeTarget "doggalleryTests" */;
			buildPhases = (
				96B1D4E12653A5E70027C7D7 /* Sources */,
				96B1D4E22653A5E70027C7D7 /* Frameworks */,
				96B1D4E32653A5E70027C7D7 /* Resources */,
			);
			buildRules = (
			);
			dependencies = (
				96B1D4E72653A5E70027C7D7 /* PBXTargetDependency */,
			);
			name = doggalleryTests;
			productName = doggalleryTests;
			productReference = 96B1D4E52653A5E70027C7D7 /* doggalleryTests.xctest */;
			productType = "com.apple.product-type.bundle.unit-test";
		};
		96B1D4EF2653A5E70027C7D7 /* doggalleryUITests */ = {
			isa = PBXNativeTarget;
			buildConfigurationList = 96B1D4FF2653A5E70027C7D7 /* Build configuration list for PBXNativeTarget "doggalleryUITests" */;
			buildPhases = (
				96B1D4EC2653A5E70027C7D7 /* Sources */,
				96B1D4ED2653A5E70027C7D7 /* Frameworks */,
				96B1D4EE2653A5E70027C7D7 /* Resources */,
			);
			buildRules = (
			);
			dependencies = (
				96B1D4F22653A5E70027C7D7 /* PBXTargetDependency */,
			);
			name = doggalleryUITests;
			productName = doggalleryUITests;
			productReference = 96B1D4F02653A5E70027C7D7 /* doggalleryUITests.xctest */;
			productType = "com.apple.product-type.bundle.ui-testing";
		};
/* End PBXNativeTarget section */

/* Begin PBXProject section */
		96B1D4C72653A5E60027C7D7 /* Project object */ = {
			isa = PBXProject;
			attributes = {
				LastSwiftUpdateCheck = 1250;
				LastUpgradeCheck = 1250;
				TargetAttributes = {
					96B1D4CE2653A5E60027C7D7 = {
						CreatedOnToolsVersion = 12.5;
					};
					96B1D4E42653A5E70027C7D7 = {
						CreatedOnToolsVersion = 12.5;
						TestTargetID = 96B1D4CE2653A5E60027C7D7;
					};
					96B1D4EF2653A5E70027C7D7 = {
						CreatedOnToolsVersion = 12.5;
						TestTargetID = 96B1D4CE2653A5E60027C7D7;
					};
				};
			};
			buildConfigurationList = 96B1D4CA2653A5E60027C7D7 /* Build configuration list for PBXProject "doggallery" */;
			compatibilityVersion = "Xcode 9.3";
			developmentRegion = en;
			hasScannedForEncodings = 0;
			knownRegions = (
				en,
				Base,
			);
			mainGroup = 96B1D4C62653A5E60027C7D7;
			productRefGroup = 96B1D4D02653A5E60027C7D7 /* Products */;
			projectDirPath = "";
			projectRoot = "";
			targets = (
				96B1D4CE2653A5E60027C7D7 /* doggallery */,
				96B1D4E42653A5E70027C7D7 /* doggalleryTests */,
				96B1D4EF2653A5E70027C7D7 /* doggalleryUITests */,
			);
		};
/* End PBXProject section */

/* Begin PBXResourcesBuildPhase section */
		96B1D4CD2653A5E60027C7D7 /* Resources */ = {
			isa = PBXResourcesBuildPhase;
			buildActionMask = 2147483647;
			files = (
				96B1D50C26542AD60027C7D7 /* dog_urls.json in Resources */,
				96B1D4DF2653A5E70027C7D7 /* LaunchScreen.storyboard in Resources */,
				96B1D4DC2653A5E70027C7D7 /* Assets.xcassets in Resources */,
				96B1D4DA2653A5E60027C7D7 /* Main.storyboard in Resources */,
			);
			runOnlyForDeploymentPostprocessing = 0;
		};
		96B1D4E32653A5E70027C7D7 /* Resources */ = {
			isa = PBXResourcesBuildPhase;
			buildActionMask = 2147483647;
			files = (
			);
			runOnlyForDeploymentPostprocessing = 0;
		};
		96B1D4EE2653A5E70027C7D7 /* Resources */ = {
			isa = PBXResourcesBuildPhase;
			buildActionMask = 2147483647;
			files = (
			);
			runOnlyForDeploymentPostprocessing = 0;
		};
/* End PBXResourcesBuildPhase section */

/* Begin PBXSourcesBuildPhase section */
		96B1D4CB2653A5E60027C7D7 /* Sources */ = {
			isa = PBXSourcesBuildPhase;
			buildActionMask = 2147483647;
			files = (
				96B1D4D72653A5E60027C7D7 /* ImageCollectionViewController.swift in Sources */,
				963D1CFB26555E1E00301A4C /* ImageDataModel.swift in Sources */,
				96B1D4D32653A5E60027C7D7 /* AppDelegate.swift in Sources */,
				963D1CFD26556F9300301A4C /* ImageCollectionViewCell.swift in Sources */,
				96B1D50E265433D80027C7D7 /* JSONParser.swift in Sources */,
				96B1D50A265426BF0027C7D7 /* DogImage.swift in Sources */,
				96B1D4D52653A5E60027C7D7 /* SceneDelegate.swift in Sources */,
			);
			runOnlyForDeploymentPostprocessing = 0;
		};
		96B1D4E12653A5E70027C7D7 /* Sources */ = {
			isa = PBXSourcesBuildPhase;
			buildActionMask = 2147483647;
			files = (
			);
			runOnlyForDeploymentPostprocessing = 0;
		};
		96B1D4EC2653A5E70027C7D7 /* Sources */ = {
			isa = PBXSourcesBuildPhase;
			buildActionMask = 2147483647;
			files = (
			);
			runOnlyForDeploymentPostprocessing = 0;
		};
/* End PBXSourcesBuildPhase section */

/* Begin PBXTargetDependency section */
		96B1D4E72653A5E70027C7D7 /* PBXTargetDependency */ = {
			isa = PBXTargetDependency;
			target = 96B1D4CE2653A5E60027C7D7 /* doggallery */;
			targetProxy = 96B1D4E62653A5E70027C7D7 /* PBXContainerItemProxy */;
		};
		96B1D4F22653A5E70027C7D7 /* PBXTargetDependency */ = {
			isa = PBXTargetDependency;
			target = 96B1D4CE2653A5E60027C7D7 /* doggallery */;
			targetProxy = 96B1D4F12653A5E70027C7D7 /* PBXContainerItemProxy */;
		};
/* End PBXTargetDependency section */

/* Begin PBXVariantGroup section */
		96B1D4D82653A5E60027C7D7 /* Main.storyboard */ = {
			isa = PBXVariantGroup;
			children = (
				96B1D4D92653A5E60027C7D7 /* Base */,
			);
			name = Main.storyboard;
			sourceTree = "<group>";
		};
		96B1D4DD2653A5E70027C7D7 /* LaunchScreen.storyboard */ = {
			isa = PBXVariantGroup;
			children = (
				96B1D4DE2653A5E70027C7D7 /* Base */,
			);
			name = LaunchScreen.storyboard;
			sourceTree = "<group>";
		};
/* End PBXVariantGroup section */

/* Begin XCBuildConfiguration section */
		96B1D4F72653A5E70027C7D7 /* Debug */ = {
			isa = XCBuildConfiguration;
			buildSettings = {
				ALWAYS_SEARCH_USER_PATHS = NO;
				CLANG_ANALYZER_NONNULL = YES;
				CLANG_ANALYZER_NUMBER_OBJECT_CONVERSION = YES_AGGRESSIVE;
				CLANG_CXX_LANGUAGE_STANDARD = "gnu++14";
				CLANG_CXX_LIBRARY = "libc++";
				CLANG_ENABLE_MODULES = YES;
				CLANG_ENABLE_OBJC_ARC = YES;
				CLANG_ENABLE_OBJC_WEAK = YES;
				CLANG_WARN_BLOCK_CAPTURE_AUTORELEASING = YES;
				CLANG_WARN_BOOL_CONVERSION = YES;
				CLANG_WARN_COMMA = YES;
				CLANG_WARN_CONSTANT_CONVERSION = YES;
				CLANG_WARN_DEPRECATED_OBJC_IMPLEMENTATIONS = YES;
				CLANG_WARN_DIRECT_OBJC_ISA_USAGE = YES_ERROR;
				CLANG_WARN_DOCUMENTATION_COMMENTS = YES;
				CLANG_WARN_EMPTY_BODY = YES;
				CLANG_WARN_ENUM_CONVERSION = YES;
				CLANG_WARN_INFINITE_RECURSION = YES;
				CLANG_WARN_INT_CONVERSION = YES;
				CLANG_WARN_NON_LITERAL_NULL_CONVERSION = YES;
				CLANG_WARN_OBJC_IMPLICIT_RETAIN_SELF = YES;
				CLANG_WARN_OBJC_LITERAL_CONVERSION = YES;
				CLANG_WARN_OBJC_ROOT_CLASS = YES_ERROR;
				CLANG_WARN_QUOTED_INCLUDE_IN_FRAMEWORK_HEADER = YES;
				CLANG_WARN_RANGE_LOOP_ANALYSIS = YES;
				CLANG_WARN_STRICT_PROTOTYPES = YES;
				CLANG_WARN_SUSPICIOUS_MOVE = YES;
				CLANG_WARN_UNGUARDED_AVAILABILITY = YES_AGGRESSIVE;
				CLANG_WARN_UNREACHABLE_CODE = YES;
				CLANG_WARN__DUPLICATE_METHOD_MATCH = YES;
				COPY_PHASE_STRIP = NO;
				DEBUG_INFORMATION_FORMAT = dwarf;
				ENABLE_STRICT_OBJC_MSGSEND = YES;
				ENABLE_TESTABILITY = YES;
				GCC_C_LANGUAGE_STANDARD = gnu11;
				GCC_DYNAMIC_NO_PIC = NO;
				GCC_NO_COMMON_BLOCKS = YES;
				GCC_OPTIMIZATION_LEVEL = 0;
				GCC_PREPROCESSOR_DEFINITIONS = (
					"DEBUG=1",
					"$(inherited)",
				);
				GCC_WARN_64_TO_32_BIT_CONVERSION = YES;
				GCC_WARN_ABOUT_RETURN_TYPE = YES_ERROR;
				GCC_WARN_UNDECLARED_SELECTOR = YES;
				GCC_WARN_UNINITIALIZED_AUTOS = YES_AGGRESSIVE;
				GCC_WARN_UNUSED_FUNCTION = YES;
				GCC_WARN_UNUSED_VARIABLE = YES;
				IPHONEOS_DEPLOYMENT_TARGET = 14.5;
				MTL_ENABLE_DEBUG_INFO = INCLUDE_SOURCE;
				MTL_FAST_MATH = YES;
				ONLY_ACTIVE_ARCH = YES;
				SDKROOT = iphoneos;
				SWIFT_ACTIVE_COMPILATION_CONDITIONS = DEBUG;
				SWIFT_OPTIMIZATION_LEVEL = "-Onone";
			};
			name = Debug;
		};
		96B1D4F82653A5E70027C7D7 /* Release */ = {
			isa = XCBuildConfiguration;
			buildSettings = {
				ALWAYS_SEARCH_USER_PATHS = NO;
				CLANG_ANALYZER_NONNULL = YES;
				CLANG_ANALYZER_NUMBER_OBJECT_CONVERSION = YES_AGGRESSIVE;
				CLANG_CXX_LANGUAGE_STANDARD = "gnu++14";
				CLANG_CXX_LIBRARY = "libc++";
				CLANG_ENABLE_MODULES = YES;
				CLANG_ENABLE_OBJC_ARC = YES;
				CLANG_ENABLE_OBJC_WEAK = YES;
				CLANG_WARN_BLOCK_CAPTURE_AUTORELEASING = YES;
				CLANG_WARN_BOOL_CONVERSION = YES;
				CLANG_WARN_COMMA = YES;
				CLANG_WARN_CONSTANT_CONVERSION = YES;
				CLANG_WARN_DEPRECATED_OBJC_IMPLEMENTATIONS = YES;
				CLANG_WARN_DIRECT_OBJC_ISA_USAGE = YES_ERROR;
				CLANG_WARN_DOCUMENTATION_COMMENTS = YES;
				CLANG_WARN_EMPTY_BODY = YES;
				CLANG_WARN_ENUM_CONVERSION = YES;
				CLANG_WARN_INFINITE_RECURSION = YES;
				CLANG_WARN_INT_CONVERSION = YES;
				CLANG_WARN_NON_LITERAL_NULL_CONVERSION = YES;
				CLANG_WARN_OBJC_IMPLICIT_RETAIN_SELF = YES;
				CLANG_WARN_OBJC_LITERAL_CONVERSION = YES;
				CLANG_WARN_OBJC_ROOT_CLASS = YES_ERROR;
				CLANG_WARN_QUOTED_INCLUDE_IN_FRAMEWORK_HEADER = YES;
				CLANG_WARN_RANGE_LOOP_ANALYSIS = YES;
				CLANG_WARN_STRICT_PROTOTYPES = YES;
				CLANG_WARN_SUSPICIOUS_MOVE = YES;
				CLANG_WARN_UNGUARDED_AVAILABILITY = YES_AGGRESSIVE;
				CLANG_WARN_UNREACHABLE_CODE = YES;
				CLANG_WARN__DUPLICATE_METHOD_MATCH = YES;
				COPY_PHASE_STRIP = NO;
				DEBUG_INFORMATION_FORMAT = "dwarf-with-dsym";
				ENABLE_NS_ASSERTIONS = NO;
				ENABLE_STRICT_OBJC_MSGSEND = YES;
				GCC_C_LANGUAGE_STANDARD = gnu11;
				GCC_NO_COMMON_BLOCKS = YES;
				GCC_WARN_64_TO_32_BIT_CONVERSION = YES;
				GCC_WARN_ABOUT_RETURN_TYPE = YES_ERROR;
				GCC_WARN_UNDECLARED_SELECTOR = YES;
				GCC_WARN_UNINITIALIZED_AUTOS = YES_AGGRESSIVE;
				GCC_WARN_UNUSED_FUNCTION = YES;
				GCC_WARN_UNUSED_VARIABLE = YES;
				IPHONEOS_DEPLOYMENT_TARGET = 14.5;
				MTL_ENABLE_DEBUG_INFO = NO;
				MTL_FAST_MATH = YES;
				SDKROOT = iphoneos;
				SWIFT_COMPILATION_MODE = wholemodule;
				SWIFT_OPTIMIZATION_LEVEL = "-O";
				VALIDATE_PRODUCT = YES;
			};
			name = Release;
		};
		96B1D4FA2653A5E70027C7D7 /* Debug */ = {
			isa = XCBuildConfiguration;
			buildSettings = {
				ASSETCATALOG_COMPILER_APPICON_NAME = AppIcon;
				ASSETCATALOG_COMPILER_GLOBAL_ACCENT_COLOR_NAME = AccentColor;
				CODE_SIGN_STYLE = Automatic;
				INFOPLIST_FILE = doggallery/Info.plist;
				IPHONEOS_DEPLOYMENT_TARGET = 11.0;
				LD_RUNPATH_SEARCH_PATHS = (
					"$(inherited)",
					"@executable_path/Frameworks",
				);
				PRODUCT_BUNDLE_IDENTIFIER = com.visma.doggallery;
				PRODUCT_NAME = "$(TARGET_NAME)";
				SWIFT_VERSION = 5.0;
				TARGETED_DEVICE_FAMILY = "1,2";
			};
			name = Debug;
		};
		96B1D4FB2653A5E70027C7D7 /* Release */ = {
			isa = XCBuildConfiguration;
			buildSettings = {
				ASSETCATALOG_COMPILER_APPICON_NAME = AppIcon;
				ASSETCATALOG_COMPILER_GLOBAL_ACCENT_COLOR_NAME = AccentColor;
				CODE_SIGN_STYLE = Automatic;
				INFOPLIST_FILE = doggallery/Info.plist;
				IPHONEOS_DEPLOYMENT_TARGET = 11.0;
				LD_RUNPATH_SEARCH_PATHS = (
					"$(inherited)",
					"@executable_path/Frameworks",
				);
				PRODUCT_BUNDLE_IDENTIFIER = com.visma.doggallery;
				PRODUCT_NAME = "$(TARGET_NAME)";
				SWIFT_VERSION = 5.0;
				TARGETED_DEVICE_FAMILY = "1,2";
			};
			name = Release;
		};
		96B1D4FD2653A5E70027C7D7 /* Debug */ = {
			isa = XCBuildConfiguration;
			buildSettings = {
				ALWAYS_EMBED_SWIFT_STANDARD_LIBRARIES = YES;
				BUNDLE_LOADER = "$(TEST_HOST)";
				CODE_SIGN_STYLE = Automatic;
				INFOPLIST_FILE = doggalleryTests/Info.plist;
				IPHONEOS_DEPLOYMENT_TARGET = 14.5;
				LD_RUNPATH_SEARCH_PATHS = (
					"$(inherited)",
					"@executable_path/Frameworks",
					"@loader_path/Frameworks",
				);
				PRODUCT_BUNDLE_IDENTIFIER = com.visma.doggalleryTests;
				PRODUCT_NAME = "$(TARGET_NAME)";
				SWIFT_VERSION = 5.0;
				TARGETED_DEVICE_FAMILY = "1,2";
				TEST_HOST = "$(BUILT_PRODUCTS_DIR)/doggallery.app/doggallery";
			};
			name = Debug;
		};
		96B1D4FE2653A5E70027C7D7 /* Release */ = {
			isa = XCBuildConfiguration;
			buildSettings = {
				ALWAYS_EMBED_SWIFT_STANDARD_LIBRARIES = YES;
				BUNDLE_LOADER = "$(TEST_HOST)";
				CODE_SIGN_STYLE = Automatic;
				INFOPLIST_FILE = doggalleryTests/Info.plist;
				IPHONEOS_DEPLOYMENT_TARGET = 14.5;
				LD_RUNPATH_SEARCH_PATHS = (
					"$(inherited)",
					"@executable_path/Frameworks",
					"@loader_path/Frameworks",
				);
				PRODUCT_BUNDLE_IDENTIFIER = com.visma.doggalleryTests;
				PRODUCT_NAME = "$(TARGET_NAME)";
				SWIFT_VERSION = 5.0;
				TARGETED_DEVICE_FAMILY = "1,2";
				TEST_HOST = "$(BUILT_PRODUCTS_DIR)/doggallery.app/doggallery";
			};
			name = Release;
		};
		96B1D5002653A5E70027C7D7 /* Debug */ = {
			isa = XCBuildConfiguration;
			buildSettings = {
				ALWAYS_EMBED_SWIFT_STANDARD_LIBRARIES = YES;
				CODE_SIGN_STYLE = Automatic;
				INFOPLIST_FILE = doggalleryUITests/Info.plist;
				LD_RUNPATH_SEARCH_PATHS = (
					"$(inherited)",
					"@executable_path/Frameworks",
					"@loader_path/Frameworks",
				);
				PRODUCT_BUNDLE_IDENTIFIER = com.visma.doggalleryUITests;
				PRODUCT_NAME = "$(TARGET_NAME)";
				SWIFT_VERSION = 5.0;
				TARGETED_DEVICE_FAMILY = "1,2";
				TEST_TARGET_NAME = doggallery;
			};
			name = Debug;
		};
		96B1D5012653A5E70027C7D7 /* Release */ = {
			isa = XCBuildConfiguration;
			buildSettings = {
				ALWAYS_EMBED_SWIFT_STANDARD_LIBRARIES = YES;
				CODE_SIGN_STYLE = Automatic;
				INFOPLIST_FILE = doggalleryUITests/Info.plist;
				LD_RUNPATH_SEARCH_PATHS = (
					"$(inherited)",
					"@executable_path/Frameworks",
					"@loader_path/Frameworks",
				);
				PRODUCT_BUNDLE_IDENTIFIER = com.visma.doggalleryUITests;
				PRODUCT_NAME = "$(TARGET_NAME)";
				SWIFT_VERSION = 5.0;
				TARGETED_DEVICE_FAMILY = "1,2";
				TEST_TARGET_NAME = doggallery;
			};
			name = Release;
		};
/* End XCBuildConfiguration section */

/* Begin XCConfigurationList section */
		96B1D4CA2653A5E60027C7D7 /* Build configuration list for PBXProject "doggallery" */ = {
			isa = XCConfigurationList;
			buildConfigurations = (
				96B1D4F72653A5E70027C7D7 /* Debug */,
				96B1D4F82653A5E70027C7D7 /* Release */,
			);
			defaultConfigurationIsVisible = 0;
			defaultConfigurationName = Release;
		};
		96B1D4F92653A5E70027C7D7 /* Build configuration list for PBXNativeTarget "doggallery" */ = {
			isa = XCConfigurationList;
			buildConfigurations = (
				96B1D4FA2653A5E70027C7D7 /* Debug */,
				96B1D4FB2653A5E70027C7D7 /* Release */,
			);
			defaultConfigurationIsVisible = 0;
			defaultConfigurationName = Release;
		};
		96B1D4FC2653A5E70027C7D7 /* Build configuration list for PBXNativeTarget "doggalleryTests" */ = {
			isa = XCConfigurationList;
			buildConfigurations = (
				96B1D4FD2653A5E70027C7D7 /* Debug */,
				96B1D4FE2653A5E70027C7D7 /* Release */,
			);
			defaultConfigurationIsVisible = 0;
			defaultConfigurationName = Release;
		};
		96B1D4FF2653A5E70027C7D7 /* Build configuration list for PBXNativeTarget "doggalleryUITests" */ = {
			isa = XCConfigurationList;
			buildConfigurations = (
				96B1D5002653A5E70027C7D7 /* Debug */,
				96B1D5012653A5E70027C7D7 /* Release */,
			);
			defaultConfigurationIsVisible = 0;
			defaultConfigurationName = Release;
		};
/* End XCConfigurationList section */
	};
	rootObject = 96B1D4C72653A5E60027C7D7 /* Project object */;
}
